
Microsoft Visual Studio Solution File, Format Version 12.00
# Visual Studio 15
VisualStudioVersion = 15.0.26730.16
MinimumVisualStudioVersion = 10.0.40219.1
Project("{FAE04EC0-301F-11D3-BF4B-00C04F79EFBC}") = "ZoeProg", "ZoeProg\ZoeProg.csproj", "{D49F88C4-3FD7-4CC2-B578-DBD69BC65D7D}"
EndProject
Project("{FAE04EC0-301F-11D3-BF4B-00C04F79EFBC}") = "ZoeProg.Common", "ZoeProg.Common\ZoeProg.Common.csproj", "{E838A7B4-9320-4892-8D77-1A0DCA7584BC}"
EndProject
Project("{2150E333-8FDC-42A3-9474-1A3956D46DE8}") = "PlugIns", "PlugIns", "{382BCB3F-EB66-418F-BEEB-DC24D47FB874}"
EndProject
Project("{FAE04EC0-301F-11D3-BF4B-00C04F79EFBC}") = "ZoeProg.PlugIns.InstalledList", "PlugIns\ZoeProg.PlugIns.InstalledListModule\ZoeProg.PlugIns.InstalledList.csproj", "{76C0B667-FE0A-4D97-8DFD-8B2EDC144216}"
EndProject
Project("{FAE04EC0-301F-11D3-BF4B-00C04F79EFBC}") = "ZoeProg.PlugIns.Settings", "PlugIns\ZoeProg.PlugIns.Settings\ZoeProg.PlugIns.Settings.csproj", "{38AF3430-08D9-4B13-A96F-D0A58A411251}"
EndProject
Project("{FAE04EC0-301F-11D3-BF4B-00C04F79EFBC}") = "ZoeProg.PlugIns.Home", "PlugIns\ZoeProg.PlugIns.Home\ZoeProg.PlugIns.Home.csproj", "{5C64DE90-9D21-4FD8-ABFB-543FCA820CD8}"
EndProject
Project("{FAE04EC0-301F-11D3-BF4B-00C04F79EFBC}") = "ZoeProg.PlugIns.UninstalledPackage", "PlugIns\ZoeProg.PlugIns.UninstalledPackage\ZoeProg.PlugIns.UninstalledPackage.csproj", "{4A047E62-1FCC-4337-AD79-4855D6400B9C}"
EndProject
Project("{2150E333-8FDC-42A3-9474-1A3956D46DE8}") = "ZoeLib", "ZoeLib", "{37F6A9C5-0013-4C6A-895E-E3E2FF824905}"
EndProject
Project("{FAE04EC0-301F-11D3-BF4B-00C04F79EFBC}") = "Zoe.UI", "ZoeLib\Zoe.UI\Zoe.UI.csproj", "{FCB78CA3-AD23-4448-ABDC-9E028B6A45E9}"
EndProject
Project("{FAE04EC0-301F-11D3-BF4B-00C04F79EFBC}") = "Zoe.Theme", "ZoeLib\Zoe.Theme\Zoe.Theme.csproj", "{A3C77E27-54F2-445B-807C-A6044464DA2E}"
EndProject
Project("{FAE04EC0-301F-11D3-BF4B-00C04F79EFBC}") = "Zoe.UI.Shared", "ZoeLib\Zoe.UI.Shared\Zoe.UI.Shared.csproj", "{272D47C5-D5D9-4B5F-A7F6-369423375FB7}"
EndProject
Project("{FAE04EC0-301F-11D3-BF4B-00C04F79EFBC}") = "ZoeLib.Example", "ZoeLib\ZoeLib.Example\ZoeLib.Example.csproj", "{C290ADEB-7974-4C65-BDC3-9499FAFC824E}"
EndProject
Global
	GlobalSection(SolutionConfigurationPlatforms) = preSolution
		Debug|Any CPU = Debug|Any CPU
		Release|Any CPU = Release|Any CPU
	EndGlobalSection
	GlobalSection(ProjectConfigurationPlatforms) = postSolution
		{D49F88C4-3FD7-4CC2-B578-DBD69BC65D7D}.Debug|Any CPU.ActiveCfg = Debug|Any CPU
		{D49F88C4-3FD7-4CC2-B578-DBD69BC65D7D}.Debug|Any CPU.Build.0 = Debug|Any CPU
		{D49F88C4-3FD7-4CC2-B578-DBD69BC65D7D}.Release|Any CPU.ActiveCfg = Release|Any CPU
		{D49F88C4-3FD7-4CC2-B578-DBD69BC65D7D}.Release|Any CPU.Build.0 = Release|Any CPU
		{E838A7B4-9320-4892-8D77-1A0DCA7584BC}.Debug|Any CPU.ActiveCfg = Debug|Any CPU
		{E838A7B4-9320-4892-8D77-1A0DCA7584BC}.Debug|Any CPU.Build.0 = Debug|Any CPU
		{E838A7B4-9320-4892-8D77-1A0DCA7584BC}.Release|Any CPU.ActiveCfg = Release|Any CPU
		{E838A7B4-9320-4892-8D77-1A0DCA7584BC}.Release|Any CPU.Build.0 = Release|Any CPU
		{76C0B667-FE0A-4D97-8DFD-8B2EDC144216}.Debug|Any CPU.ActiveCfg = Debug|Any CPU
		{76C0B667-FE0A-4D97-8DFD-8B2EDC144216}.Debug|Any CPU.Build.0 = Debug|Any CPU
		{76C0B667-FE0A-4D97-8DFD-8B2EDC144216}.Release|Any CPU.ActiveCfg = Release|Any CPU
		{76C0B667-FE0A-4D97-8DFD-8B2EDC144216}.Release|Any CPU.Build.0 = Release|Any CPU
		{38AF3430-08D9-4B13-A96F-D0A58A411251}.Debug|Any CPU.ActiveCfg = Debug|Any CPU
		{38AF3430-08D9-4B13-A96F-D0A58A411251}.Debug|Any CPU.Build.0 = Debug|Any CPU
		{38AF3430-08D9-4B13-A96F-D0A58A411251}.Release|Any CPU.ActiveCfg = Release|Any CPU
		{38AF3430-08D9-4B13-A96F-D0A58A411251}.Release|Any CPU.Build.0 = Release|Any CPU
		{5C64DE90-9D21-4FD8-ABFB-543FCA820CD8}.Debug|Any CPU.ActiveCfg = Debug|Any CPU
		{5C64DE90-9D21-4FD8-ABFB-543FCA820CD8}.Debug|Any CPU.Build.0 = Debug|Any CPU
		{5C64DE90-9D21-4FD8-ABFB-543FCA820CD8}.Release|Any CPU.ActiveCfg = Release|Any CPU
		{5C64DE90-9D21-4FD8-ABFB-543FCA820CD8}.Release|Any CPU.Build.0 = Release|Any CPU
		{4A047E62-1FCC-4337-AD79-4855D6400B9C}.Debug|Any CPU.ActiveCfg = Debug|Any CPU
		{4A047E62-1FCC-4337-AD79-4855D6400B9C}.Debug|Any CPU.Build.0 = Debug|Any CPU
		{4A047E62-1FCC-4337-AD79-4855D6400B9C}.Release|Any CPU.ActiveCfg = Release|Any CPU
		{4A047E62-1FCC-4337-AD79-4855D6400B9C}.Release|Any CPU.Build.0 = Release|Any CPU
		{FCB78CA3-AD23-4448-ABDC-9E028B6A45E9}.Debug|Any CPU.ActiveCfg = Debug|Any CPU
		{FCB78CA3-AD23-4448-ABDC-9E028B6A45E9}.Debug|Any CPU.Build.0 = Debug|Any CPU
		{FCB78CA3-AD23-4448-ABDC-9E028B6A45E9}.Release|Any CPU.ActiveCfg = Release|Any CPU
		{FCB78CA3-AD23-4448-ABDC-9E028B6A45E9}.Release|Any CPU.Build.0 = Release|Any CPU
		{A3C77E27-54F2-445B-807C-A6044464DA2E}.Debug|Any CPU.ActiveCfg = Debug|Any CPU
		{A3C77E27-54F2-445B-807C-A6044464DA2E}.Debug|Any CPU.Build.0 = Debug|Any CPU
		{A3C77E27-54F2-445B-807C-A6044464DA2E}.Release|Any CPU.ActiveCfg = Release|Any CPU
		{A3C77E27-54F2-445B-807C-A6044464DA2E}.Release|Any CPU.Build.0 = Release|Any CPU
		{272D47C5-D5D9-4B5F-A7F6-369423375FB7}.Debug|Any CPU.ActiveCfg = Debug|Any CPU
		{272D47C5-D5D9-4B5F-A7F6-369423375FB7}.Debug|Any CPU.Build.0 = Debug|Any CPU
		{272D47C5-D5D9-4B5F-A7F6-369423375FB7}.Release|Any CPU.ActiveCfg = Release|Any CPU
		{272D47C5-D5D9-4B5F-A7F6-369423375FB7}.Release|Any CPU.Build.0 = Release|Any CPU
		{C290ADEB-7974-4C65-BDC3-9499FAFC824E}.Debug|Any CPU.ActiveCfg = Debug|Any CPU
		{C290ADEB-7974-4C65-BDC3-9499FAFC824E}.Debug|Any CPU.Build.0 = Debug|Any CPU
		{C290ADEB-7974-4C65-BDC3-9499FAFC824E}.Release|Any CPU.ActiveCfg = Release|Any CPU
		{C290ADEB-7974-4C65-BDC3-9499FAFC824E}.Release|Any CPU.Build.0 = Release|Any CPU
	EndGlobalSection
	GlobalSection(SolutionProperties) = preSolution
		HideSolutionNode = FALSE
	EndGlobalSection
	GlobalSection(NestedProjects) = preSolution
		{76C0B667-FE0A-4D97-8DFD-8B2EDC144216} = {382BCB3F-EB66-418F-BEEB-DC24D47FB874}
		{38AF3430-08D9-4B13-A96F-D0A58A411251} = {382BCB3F-EB66-418F-BEEB-DC24D47FB874}
		{5C64DE90-9D21-4FD8-ABFB-543FCA820CD8} = {382BCB3F-EB66-418F-BEEB-DC24D47FB874}
		{4A047E62-1FCC-4337-AD79-4855D6400B9C} = {382BCB3F-EB66-418F-BEEB-DC24D47FB874}
		{FCB78CA3-AD23-4448-ABDC-9E028B6A45E9} = {37F6A9C5-0013-4C6A-895E-E3E2FF824905}
		{A3C77E27-54F2-445B-807C-A6044464DA2E} = {37F6A9C5-0013-4C6A-895E-E3E2FF824905}
		{272D47C5-D5D9-4B5F-A7F6-369423375FB7} = {37F6A9C5-0013-4C6A-895E-E3E2FF824905}
		{C290ADEB-7974-4C65-BDC3-9499FAFC824E} = {37F6A9C5-0013-4C6A-895E-E3E2FF824905}
	EndGlobalSection
	GlobalSection(ExtensibilityGlobals) = postSolution
		SolutionGuid = {42D9B723-A5FD-453D-B056-9B2DFD43B30A}
	EndGlobalSection
EndGlobal
