
Microsoft Visual Studio Solution File, Format Version 12.00
# Visual Studio Version 17
VisualStudioVersion = 17.0.31423.177
MinimumVisualStudioVersion = 10.0.40219.1
Project("{2150E333-8FDC-42A3-9474-1A3956D46DE8}") = "PlugIns", "PlugIns", "{382BCB3F-EB66-418F-BEEB-DC24D47FB874}"
EndProject
Project("{9A19103F-16F7-4668-BE54-9A1E7A4F7556}") = "ZoeProg.Documentation", "ZoeProg.Documentation\ZoeProg.Documentation.csproj", "{DF70559A-6EFF-4EC3-A6A8-6B70F0B6E8C5}"
EndProject
Project("{2150E333-8FDC-42A3-9474-1A3956D46DE8}") = "Setup", "Setup", "{5DDD113F-37B8-4442-B837-3878A1D16D28}"
EndProject
Project("{930C7802-8A8C-48F9-8165-68863BCCD9DD}") = "ZoeProg.Installer", "ZoeProg.Installer\ZoeProg.Installer.wixproj", "{B2F7685C-0385-4062-B024-96681C965A89}"
EndProject
Project("{9A19103F-16F7-4668-BE54-9A1E7A4F7556}") = "ZoeProg.Core", "ZoeProg.Core\ZoeProg.Core.csproj", "{4A4D7630-3692-4BCC-915E-2C45AD1B482F}"
EndProject
Project("{9A19103F-16F7-4668-BE54-9A1E7A4F7556}") = "ZoeProg.PlugIns.Home", "ZoeProg.PlugIns.Home\ZoeProg.PlugIns.Home.csproj", "{4465A01E-03AC-403B-84A8-994C917B5EA4}"
EndProject
Project("{9A19103F-16F7-4668-BE54-9A1E7A4F7556}") = "ZoeProg.PlugIns.CleanUp", "ZoeProg.PlugIns.CleanUp\ZoeProg.PlugIns.CleanUp.csproj", "{444FD418-07D6-47FA-A72E-6276FCEC0798}"
EndProject
Project("{9A19103F-16F7-4668-BE54-9A1E7A4F7556}") = "ZoeProg.PlugIns.ApplicationList", "ZoeProg.PlugIns.ApplicationList\ZoeProg.PlugIns.ApplicationList.csproj", "{C46EBA66-CE23-4A78-87F0-AF870FC44735}"
EndProject
Project("{9A19103F-16F7-4668-BE54-9A1E7A4F7556}") = "ZoeProg", "ZoeProg\ZoeProg.csproj", "{A24183F4-D6EF-48BB-8098-F666145D058D}"
	ProjectSection(ProjectDependencies) = postProject
		{444FD418-07D6-47FA-A72E-6276FCEC0798} = {444FD418-07D6-47FA-A72E-6276FCEC0798}
		{4465A01E-03AC-403B-84A8-994C917B5EA4} = {4465A01E-03AC-403B-84A8-994C917B5EA4}
		{86C22E63-6775-491A-B6B3-BBAC2D62E9A2} = {86C22E63-6775-491A-B6B3-BBAC2D62E9A2}
		{C46EBA66-CE23-4A78-87F0-AF870FC44735} = {C46EBA66-CE23-4A78-87F0-AF870FC44735}
	EndProjectSection
EndProject
Project("{9A19103F-16F7-4668-BE54-9A1E7A4F7556}") = "ZoeProg.PlugIns.About", "ZoeProg.PlugIns.About\ZoeProg.PlugIns.About.csproj", "{86C22E63-6775-491A-B6B3-BBAC2D62E9A2}"
EndProject
Global
	GlobalSection(SolutionConfigurationPlatforms) = preSolution
		Debug|Any CPU = Debug|Any CPU
		Debug|x86 = Debug|x86
		Release|Any CPU = Release|Any CPU
		Release|x86 = Release|x86
	EndGlobalSection
	GlobalSection(ProjectConfigurationPlatforms) = postSolution
		{DF70559A-6EFF-4EC3-A6A8-6B70F0B6E8C5}.Debug|Any CPU.ActiveCfg = Debug|Any CPU
		{DF70559A-6EFF-4EC3-A6A8-6B70F0B6E8C5}.Debug|Any CPU.Build.0 = Debug|Any CPU
		{DF70559A-6EFF-4EC3-A6A8-6B70F0B6E8C5}.Debug|x86.ActiveCfg = Debug|Any CPU
		{DF70559A-6EFF-4EC3-A6A8-6B70F0B6E8C5}.Debug|x86.Build.0 = Debug|Any CPU
		{DF70559A-6EFF-4EC3-A6A8-6B70F0B6E8C5}.Release|Any CPU.ActiveCfg = Release|Any CPU
		{DF70559A-6EFF-4EC3-A6A8-6B70F0B6E8C5}.Release|Any CPU.Build.0 = Release|Any CPU
		{DF70559A-6EFF-4EC3-A6A8-6B70F0B6E8C5}.Release|x86.ActiveCfg = Release|Any CPU
		{DF70559A-6EFF-4EC3-A6A8-6B70F0B6E8C5}.Release|x86.Build.0 = Release|Any CPU
		{B2F7685C-0385-4062-B024-96681C965A89}.Debug|Any CPU.ActiveCfg = Debug|x86
		{B2F7685C-0385-4062-B024-96681C965A89}.Debug|x86.ActiveCfg = Debug|x86
		{B2F7685C-0385-4062-B024-96681C965A89}.Debug|x86.Build.0 = Debug|x86
		{B2F7685C-0385-4062-B024-96681C965A89}.Release|Any CPU.ActiveCfg = Release|x86
		{B2F7685C-0385-4062-B024-96681C965A89}.Release|x86.ActiveCfg = Release|x86
		{B2F7685C-0385-4062-B024-96681C965A89}.Release|x86.Build.0 = Release|x86
		{4A4D7630-3692-4BCC-915E-2C45AD1B482F}.Debug|Any CPU.ActiveCfg = Debug|Any CPU
		{4A4D7630-3692-4BCC-915E-2C45AD1B482F}.Debug|Any CPU.Build.0 = Debug|Any CPU
		{4A4D7630-3692-4BCC-915E-2C45AD1B482F}.Debug|x86.ActiveCfg = Debug|Any CPU
		{4A4D7630-3692-4BCC-915E-2C45AD1B482F}.Debug|x86.Build.0 = Debug|Any CPU
		{4A4D7630-3692-4BCC-915E-2C45AD1B482F}.Release|Any CPU.ActiveCfg = Release|Any CPU
		{4A4D7630-3692-4BCC-915E-2C45AD1B482F}.Release|Any CPU.Build.0 = Release|Any CPU
		{4A4D7630-3692-4BCC-915E-2C45AD1B482F}.Release|x86.ActiveCfg = Release|Any CPU
		{4A4D7630-3692-4BCC-915E-2C45AD1B482F}.Release|x86.Build.0 = Release|Any CPU
		{4465A01E-03AC-403B-84A8-994C917B5EA4}.Debug|Any CPU.ActiveCfg = Debug|Any CPU
		{4465A01E-03AC-403B-84A8-994C917B5EA4}.Debug|Any CPU.Build.0 = Debug|Any CPU
		{4465A01E-03AC-403B-84A8-994C917B5EA4}.Debug|x86.ActiveCfg = Debug|Any CPU
		{4465A01E-03AC-403B-84A8-994C917B5EA4}.Debug|x86.Build.0 = Debug|Any CPU
		{4465A01E-03AC-403B-84A8-994C917B5EA4}.Release|Any CPU.ActiveCfg = Release|Any CPU
		{4465A01E-03AC-403B-84A8-994C917B5EA4}.Release|Any CPU.Build.0 = Release|Any CPU
		{4465A01E-03AC-403B-84A8-994C917B5EA4}.Release|x86.ActiveCfg = Release|Any CPU
		{4465A01E-03AC-403B-84A8-994C917B5EA4}.Release|x86.Build.0 = Release|Any CPU
		{444FD418-07D6-47FA-A72E-6276FCEC0798}.Debug|Any CPU.ActiveCfg = Debug|Any CPU
		{444FD418-07D6-47FA-A72E-6276FCEC0798}.Debug|Any CPU.Build.0 = Debug|Any CPU
		{444FD418-07D6-47FA-A72E-6276FCEC0798}.Debug|x86.ActiveCfg = Debug|Any CPU
		{444FD418-07D6-47FA-A72E-6276FCEC0798}.Debug|x86.Build.0 = Debug|Any CPU
		{444FD418-07D6-47FA-A72E-6276FCEC0798}.Release|Any CPU.ActiveCfg = Release|Any CPU
		{444FD418-07D6-47FA-A72E-6276FCEC0798}.Release|Any CPU.Build.0 = Release|Any CPU
		{444FD418-07D6-47FA-A72E-6276FCEC0798}.Release|x86.ActiveCfg = Release|Any CPU
		{444FD418-07D6-47FA-A72E-6276FCEC0798}.Release|x86.Build.0 = Release|Any CPU
		{C46EBA66-CE23-4A78-87F0-AF870FC44735}.Debug|Any CPU.ActiveCfg = Debug|Any CPU
		{C46EBA66-CE23-4A78-87F0-AF870FC44735}.Debug|Any CPU.Build.0 = Debug|Any CPU
		{C46EBA66-CE23-4A78-87F0-AF870FC44735}.Debug|x86.ActiveCfg = Debug|Any CPU
		{C46EBA66-CE23-4A78-87F0-AF870FC44735}.Debug|x86.Build.0 = Debug|Any CPU
		{C46EBA66-CE23-4A78-87F0-AF870FC44735}.Release|Any CPU.ActiveCfg = Release|Any CPU
		{C46EBA66-CE23-4A78-87F0-AF870FC44735}.Release|Any CPU.Build.0 = Release|Any CPU
		{C46EBA66-CE23-4A78-87F0-AF870FC44735}.Release|x86.ActiveCfg = Release|Any CPU
		{C46EBA66-CE23-4A78-87F0-AF870FC44735}.Release|x86.Build.0 = Release|Any CPU
		{A24183F4-D6EF-48BB-8098-F666145D058D}.Debug|Any CPU.ActiveCfg = Debug|Any CPU
		{A24183F4-D6EF-48BB-8098-F666145D058D}.Debug|Any CPU.Build.0 = Debug|Any CPU
		{A24183F4-D6EF-48BB-8098-F666145D058D}.Debug|x86.ActiveCfg = Debug|Any CPU
		{A24183F4-D6EF-48BB-8098-F666145D058D}.Debug|x86.Build.0 = Debug|Any CPU
		{A24183F4-D6EF-48BB-8098-F666145D058D}.Release|Any CPU.ActiveCfg = Release|Any CPU
		{A24183F4-D6EF-48BB-8098-F666145D058D}.Release|Any CPU.Build.0 = Release|Any CPU
		{A24183F4-D6EF-48BB-8098-F666145D058D}.Release|x86.ActiveCfg = Release|Any CPU
		{A24183F4-D6EF-48BB-8098-F666145D058D}.Release|x86.Build.0 = Release|Any CPU
		{86C22E63-6775-491A-B6B3-BBAC2D62E9A2}.Debug|Any CPU.ActiveCfg = Debug|Any CPU
		{86C22E63-6775-491A-B6B3-BBAC2D62E9A2}.Debug|Any CPU.Build.0 = Debug|Any CPU
		{86C22E63-6775-491A-B6B3-BBAC2D62E9A2}.Debug|x86.ActiveCfg = Debug|Any CPU
		{86C22E63-6775-491A-B6B3-BBAC2D62E9A2}.Debug|x86.Build.0 = Debug|Any CPU
		{86C22E63-6775-491A-B6B3-BBAC2D62E9A2}.Release|Any CPU.ActiveCfg = Release|Any CPU
		{86C22E63-6775-491A-B6B3-BBAC2D62E9A2}.Release|Any CPU.Build.0 = Release|Any CPU
		{86C22E63-6775-491A-B6B3-BBAC2D62E9A2}.Release|x86.ActiveCfg = Release|Any CPU
		{86C22E63-6775-491A-B6B3-BBAC2D62E9A2}.Release|x86.Build.0 = Release|Any CPU
	EndGlobalSection
	GlobalSection(SolutionProperties) = preSolution
		HideSolutionNode = FALSE
	EndGlobalSection
	GlobalSection(NestedProjects) = preSolution
		{B2F7685C-0385-4062-B024-96681C965A89} = {5DDD113F-37B8-4442-B837-3878A1D16D28}
		{4465A01E-03AC-403B-84A8-994C917B5EA4} = {382BCB3F-EB66-418F-BEEB-DC24D47FB874}
		{444FD418-07D6-47FA-A72E-6276FCEC0798} = {382BCB3F-EB66-418F-BEEB-DC24D47FB874}
		{C46EBA66-CE23-4A78-87F0-AF870FC44735} = {382BCB3F-EB66-418F-BEEB-DC24D47FB874}
		{86C22E63-6775-491A-B6B3-BBAC2D62E9A2} = {382BCB3F-EB66-418F-BEEB-DC24D47FB874}
	EndGlobalSection
	GlobalSection(ExtensibilityGlobals) = postSolution
		SolutionGuid = {42D9B723-A5FD-453D-B056-9B2DFD43B30A}
	EndGlobalSection
EndGlobal
