
Microsoft Visual Studio Solution File, Format Version 12.00
# Visual Studio Version 17
VisualStudioVersion = 17.0.31423.177
MinimumVisualStudioVersion = 10.0.40219.1
Project("{9A19103F-16F7-4668-BE54-9A1E7A4F7556}") = "ZoeProg", "ZoeProg\ZoeProg.csproj", "{A24183F4-D6EF-48BB-8098-F666145D058D}"
EndProject
Global
	GlobalSection(SolutionConfigurationPlatforms) = preSolution
		Debug|Any CPU = Debug|Any CPU
		Debug|x86 = Debug|x86
		Release|Any CPU = Release|Any CPU
		Release|x86 = Release|x86
	EndGlobalSection
	GlobalSection(ProjectConfigurationPlatforms) = postSolution
		{A24183F4-D6EF-48BB-8098-F666145D058D}.Debug|Any CPU.ActiveCfg = Debug|Any CPU
		{A24183F4-D6EF-48BB-8098-F666145D058D}.Debug|Any CPU.Build.0 = Debug|Any CPU
		{A24183F4-D6EF-48BB-8098-F666145D058D}.Debug|x86.ActiveCfg = Debug|Any CPU
		{A24183F4-D6EF-48BB-8098-F666145D058D}.Debug|x86.Build.0 = Debug|Any CPU
		{A24183F4-D6EF-48BB-8098-F666145D058D}.Release|Any CPU.ActiveCfg = Release|Any CPU
		{A24183F4-D6EF-48BB-8098-F666145D058D}.Release|Any CPU.Build.0 = Release|Any CPU
		{A24183F4-D6EF-48BB-8098-F666145D058D}.Release|x86.ActiveCfg = Release|Any CPU
		{A24183F4-D6EF-48BB-8098-F666145D058D}.Release|x86.Build.0 = Release|Any CPU
	EndGlobalSection
	GlobalSection(SolutionProperties) = preSolution
		HideSolutionNode = FALSE
	EndGlobalSection
	GlobalSection(ExtensibilityGlobals) = postSolution
		SolutionGuid = {42D9B723-A5FD-453D-B056-9B2DFD43B30A}
	EndGlobalSection
EndGlobal
